
Microsoft Visual Studio Solution File, Format Version 12.00
# Visual Studio Version 17
VisualStudioVersion = 17.0.31717.71
MinimumVisualStudioVersion = 10.0.40219.1
Project("{FAE04EC0-301F-11D3-BF4B-00C04F79EFBC}") = "Day1Part1", "Day1Part1\Day1Part1.csproj", "{4B87330F-8A6B-4AD8-BA4F-812D19EAD718}"
EndProject
Project("{FAE04EC0-301F-11D3-BF4B-00C04F79EFBC}") = "Day1Part2", "Day1Part2\Day1Part2.csproj", "{F561BF34-568F-403E-B98B-5A5AA27358E2}"
EndProject
Global
	GlobalSection(SolutionConfigurationPlatforms) = preSolution
		Debug|Any CPU = Debug|Any CPU
		Release|Any CPU = Release|Any CPU
	EndGlobalSection
	GlobalSection(ProjectConfigurationPlatforms) = postSolution
		{4B87330F-8A6B-4AD8-BA4F-812D19EAD718}.Debug|Any CPU.ActiveCfg = Debug|Any CPU
		{4B87330F-8A6B-4AD8-BA4F-812D19EAD718}.Debug|Any CPU.Build.0 = Debug|Any CPU
		{4B87330F-8A6B-4AD8-BA4F-812D19EAD718}.Release|Any CPU.ActiveCfg = Release|Any CPU
		{4B87330F-8A6B-4AD8-BA4F-812D19EAD718}.Release|Any CPU.Build.0 = Release|Any CPU
		{F561BF34-568F-403E-B98B-5A5AA27358E2}.Debug|Any CPU.ActiveCfg = Debug|Any CPU
		{F561BF34-568F-403E-B98B-5A5AA27358E2}.Debug|Any CPU.Build.0 = Debug|Any CPU
		{F561BF34-568F-403E-B98B-5A5AA27358E2}.Release|Any CPU.ActiveCfg = Release|Any CPU
		{F561BF34-568F-403E-B98B-5A5AA27358E2}.Release|Any CPU.Build.0 = Release|Any CPU
	EndGlobalSection
	GlobalSection(SolutionProperties) = preSolution
		HideSolutionNode = FALSE
	EndGlobalSection
	GlobalSection(ExtensibilityGlobals) = postSolution
		SolutionGuid = {20EACD22-4FC9-439E-A50E-4A2B9F40620E}
	EndGlobalSection
EndGlobal
